{
    "_readme": [
        "This file locks the dependencies of your project to a known state",
        "Read more about it at https://getcomposer.org/doc/01-basic-usage.md#installing-dependencies",
        "This file is @generated automatically"
    ],
    "content-hash": "8b3e9a3d8d47941ea84a33dc86d5aa3a",
    "packages": [
        {
            "name": "alom/graphviz",
            "version": "v2.0.0",
            "source": {
                "type": "git",
                "url": "https://github.com/alexandresalome/graphviz.git",
                "reference": "fbaa90df92e7c8c7e1e6f8566c6fbce8bed537d1"
            },
            "dist": {
                "type": "zip",
                "url": "https://api.github.com/repos/alexandresalome/graphviz/zipball/fbaa90df92e7c8c7e1e6f8566c6fbce8bed537d1",
                "reference": "fbaa90df92e7c8c7e1e6f8566c6fbce8bed537d1",
                "shasum": ""
            },
            "require": {
                "php": ">=8.0,<9.0"
            },
            "require-dev": {
                "ext-dom": "*",
                "phpunit/phpunit": "^9.5",
                "symfony/finder": "^5.4|^6.1",
                "symfony/process": "^5.4|^6.1",
                "symfony/var-dumper": "^5.4|^6.1"
            },
            "type": "library",
            "autoload": {
                "psr-4": {
                    "Graphviz\\": "src/"
                }
            },
            "notification-url": "https://packagist.org/downloads/",
            "license": [
                "MIT"
            ],
            "authors": [
                {
                    "name": "Alexandre Salomé",
                    "email": "graphviz@pub.salome.fr",
                    "homepage": "https://alexandre.salome.fr"
                }
            ],
            "description": "Graphviz generation for PHP",
            "homepage": "https://github.com/alexandresalome/graphviz",
            "keywords": [
                "dot",
                "graphviz"
            ],
            "support": {
                "issues": "https://github.com/alexandresalome/graphviz/issues",
                "source": "https://github.com/alexandresalome/graphviz/tree/v2.0.0"
            },
            "time": "2022-10-23T09:13:30+00:00"
        }
    ],
    "packages-dev": [],
    "aliases": [],
    "minimum-stability": "stable",
    "stability-flags": [],
    "prefer-stable": false,
    "prefer-lowest": false,
    "platform": [],
    "platform-dev": [],
    "plugin-api-version": "2.3.0"
}
